
Microsoft Visual Studio Solution File, Format Version 12.00
# Visual Studio Version 17
VisualStudioVersion = 17.0.31903.59
MinimumVisualStudioVersion = 10.0.40219.1
Project("{FAE04EC0-301F-11D3-BF4B-00C04F79EFBC}") = "Gameboy", "Gameboy\Gameboy.csproj", "{40CCE48F-56BE-4403-B0B5-994CB84BBCA0}"
EndProject
Project("{FAE04EC0-301F-11D3-BF4B-00C04F79EFBC}") = "Gameboy.Test", "Gameboy.Test\Gameboy.Test.csproj", "{0623A022-CF9E-455D-A8C5-2EC3D3F28118}"
EndProject
Project("{FAE04EC0-301F-11D3-BF4B-00C04F79EFBC}") = "Qkmaxware.Vm.LR35902", "Qkmaxware.Vm.LR35902\Qkmaxware.Vm.LR35902.csproj", "{C2257361-4537-4863-9D5D-DA8393315067}"
EndProject
Project("{FAE04EC0-301F-11D3-BF4B-00C04F79EFBC}") = "Gameboy.Player.Cli", "Gameboy.Player.Cli\Gameboy.Player.Cli.csproj", "{38A0660C-4855-4642-92F5-8A25500E7003}"
EndProject
Project("{FAE04EC0-301F-11D3-BF4B-00C04F79EFBC}") = "Gameboy.Player.Blazor", "Gameboy.Player.Blazor\BlazorBoy.Player.csproj", "{C05C9750-5DA4-467F-AE0D-B14330885D87}"
EndProject
Project("{FAE04EC0-301F-11D3-BF4B-00C04F79EFBC}") = "Gameboy.Database", "Gameboy.Database\Gameboy.Database.csproj", "{D85FB21E-22FE-4C1D-B8D3-2104E2F7CF44}"
EndProject
Global
	GlobalSection(SolutionConfigurationPlatforms) = preSolution
		Debug|Any CPU = Debug|Any CPU
		Release|Any CPU = Release|Any CPU
	EndGlobalSection
	GlobalSection(SolutionProperties) = preSolution
		HideSolutionNode = FALSE
	EndGlobalSection
	GlobalSection(ProjectConfigurationPlatforms) = postSolution
		{40CCE48F-56BE-4403-B0B5-994CB84BBCA0}.Debug|Any CPU.ActiveCfg = Debug|Any CPU
		{40CCE48F-56BE-4403-B0B5-994CB84BBCA0}.Debug|Any CPU.Build.0 = Debug|Any CPU
		{40CCE48F-56BE-4403-B0B5-994CB84BBCA0}.Release|Any CPU.ActiveCfg = Release|Any CPU
		{40CCE48F-56BE-4403-B0B5-994CB84BBCA0}.Release|Any CPU.Build.0 = Release|Any CPU
		{0623A022-CF9E-455D-A8C5-2EC3D3F28118}.Debug|Any CPU.ActiveCfg = Debug|Any CPU
		{0623A022-CF9E-455D-A8C5-2EC3D3F28118}.Debug|Any CPU.Build.0 = Debug|Any CPU
		{0623A022-CF9E-455D-A8C5-2EC3D3F28118}.Release|Any CPU.ActiveCfg = Release|Any CPU
		{0623A022-CF9E-455D-A8C5-2EC3D3F28118}.Release|Any CPU.Build.0 = Release|Any CPU
		{C2257361-4537-4863-9D5D-DA8393315067}.Debug|Any CPU.ActiveCfg = Debug|Any CPU
		{C2257361-4537-4863-9D5D-DA8393315067}.Debug|Any CPU.Build.0 = Debug|Any CPU
		{C2257361-4537-4863-9D5D-DA8393315067}.Release|Any CPU.ActiveCfg = Release|Any CPU
		{C2257361-4537-4863-9D5D-DA8393315067}.Release|Any CPU.Build.0 = Release|Any CPU
		{38A0660C-4855-4642-92F5-8A25500E7003}.Debug|Any CPU.ActiveCfg = Debug|Any CPU
		{38A0660C-4855-4642-92F5-8A25500E7003}.Debug|Any CPU.Build.0 = Debug|Any CPU
		{38A0660C-4855-4642-92F5-8A25500E7003}.Release|Any CPU.ActiveCfg = Release|Any CPU
		{38A0660C-4855-4642-92F5-8A25500E7003}.Release|Any CPU.Build.0 = Release|Any CPU
		{C05C9750-5DA4-467F-AE0D-B14330885D87}.Debug|Any CPU.ActiveCfg = Debug|Any CPU
		{C05C9750-5DA4-467F-AE0D-B14330885D87}.Debug|Any CPU.Build.0 = Debug|Any CPU
		{C05C9750-5DA4-467F-AE0D-B14330885D87}.Release|Any CPU.ActiveCfg = Release|Any CPU
		{C05C9750-5DA4-467F-AE0D-B14330885D87}.Release|Any CPU.Build.0 = Release|Any CPU
		{D85FB21E-22FE-4C1D-B8D3-2104E2F7CF44}.Debug|Any CPU.ActiveCfg = Debug|Any CPU
		{D85FB21E-22FE-4C1D-B8D3-2104E2F7CF44}.Debug|Any CPU.Build.0 = Debug|Any CPU
		{D85FB21E-22FE-4C1D-B8D3-2104E2F7CF44}.Release|Any CPU.ActiveCfg = Release|Any CPU
		{D85FB21E-22FE-4C1D-B8D3-2104E2F7CF44}.Release|Any CPU.Build.0 = Release|Any CPU
	EndGlobalSection
EndGlobal
